
Microsoft Visual Studio Solution File, Format Version 12.00
# Visual Studio Version 17
VisualStudioVersion = 17.5.33516.290
MinimumVisualStudioVersion = 10.0.40219.1
Project("{8BC9CEB8-8B4A-11D0-8D11-00A0C91BC942}") = "Malinka", "Malinka\Malinka.vcxproj", "{4697C567-CED1-4AE2-83B7-FD8F398E110C}"
EndProject
Global
	GlobalSection(SolutionConfigurationPlatforms) = preSolution
		Debug|x64 = Debug|x64
		Debug|x86 = Debug|x86
		Release|x64 = Release|x64
		Release|x86 = Release|x86
	EndGlobalSection
	GlobalSection(ProjectConfigurationPlatforms) = postSolution
		{4697C567-CED1-4AE2-83B7-FD8F398E110C}.Debug|x64.ActiveCfg = Debug|x64
		{4697C567-CED1-4AE2-83B7-FD8F398E110C}.Debug|x64.Build.0 = Debug|x64
		{4697C567-CED1-4AE2-83B7-FD8F398E110C}.Debug|x86.ActiveCfg = Debug|Win32
		{4697C567-CED1-4AE2-83B7-FD8F398E110C}.Debug|x86.Build.0 = Debug|Win32
		{4697C567-CED1-4AE2-83B7-FD8F398E110C}.Release|x64.ActiveCfg = Release|x64
		{4697C567-CED1-4AE2-83B7-FD8F398E110C}.Release|x64.Build.0 = Release|x64
		{4697C567-CED1-4AE2-83B7-FD8F398E110C}.Release|x86.ActiveCfg = Release|Win32
		{4697C567-CED1-4AE2-83B7-FD8F398E110C}.Release|x86.Build.0 = Release|Win32
	EndGlobalSection
	GlobalSection(SolutionProperties) = preSolution
		HideSolutionNode = FALSE
	EndGlobalSection
	GlobalSection(ExtensibilityGlobals) = postSolution
		SolutionGuid = {9168C0B6-D7FC-4B4A-86DD-7BBE3FCABACF}
	EndGlobalSection
EndGlobal
